
Microsoft Visual Studio Solution File, Format Version 12.00
# Visual Studio Version 16
VisualStudioVersion = 16.0.30002.166
MinimumVisualStudioVersion = 10.0.40219.1
Project("{9A19103F-16F7-4668-BE54-9A1E7A4F7556}") = "BattleAssistant", "BattleAssistant\BattleAssistant.csproj", "{13977F1E-DFC3-47DB-A84F-D45C1DE0A077}"
EndProject
Project("{9A19103F-16F7-4668-BE54-9A1E7A4F7556}") = "DataLayer.Entities", "DataLayer.Entities\DataLayer.Entities.csproj", "{D164EFFA-24FD-4E30-A187-564081F86E69}"
EndProject
Project("{9A19103F-16F7-4668-BE54-9A1E7A4F7556}") = "DataLayer.Migrations", "DataLayer.Migrations\DataLayer.Migrations.csproj", "{A50FCA68-B130-4F8B-863B-7CE6E34B5BDB}"
EndProject
Global
	GlobalSection(SolutionConfigurationPlatforms) = preSolution
		Debug|Any CPU = Debug|Any CPU
		Release|Any CPU = Release|Any CPU
	EndGlobalSection
	GlobalSection(ProjectConfigurationPlatforms) = postSolution
		{13977F1E-DFC3-47DB-A84F-D45C1DE0A077}.Debug|Any CPU.ActiveCfg = Debug|Any CPU
		{13977F1E-DFC3-47DB-A84F-D45C1DE0A077}.Debug|Any CPU.Build.0 = Debug|Any CPU
		{13977F1E-DFC3-47DB-A84F-D45C1DE0A077}.Release|Any CPU.ActiveCfg = Release|Any CPU
		{13977F1E-DFC3-47DB-A84F-D45C1DE0A077}.Release|Any CPU.Build.0 = Release|Any CPU
		{D164EFFA-24FD-4E30-A187-564081F86E69}.Debug|Any CPU.ActiveCfg = Debug|Any CPU
		{D164EFFA-24FD-4E30-A187-564081F86E69}.Debug|Any CPU.Build.0 = Debug|Any CPU
		{D164EFFA-24FD-4E30-A187-564081F86E69}.Release|Any CPU.ActiveCfg = Release|Any CPU
		{D164EFFA-24FD-4E30-A187-564081F86E69}.Release|Any CPU.Build.0 = Release|Any CPU
		{A50FCA68-B130-4F8B-863B-7CE6E34B5BDB}.Debug|Any CPU.ActiveCfg = Debug|Any CPU
		{A50FCA68-B130-4F8B-863B-7CE6E34B5BDB}.Debug|Any CPU.Build.0 = Debug|Any CPU
		{A50FCA68-B130-4F8B-863B-7CE6E34B5BDB}.Release|Any CPU.ActiveCfg = Release|Any CPU
		{A50FCA68-B130-4F8B-863B-7CE6E34B5BDB}.Release|Any CPU.Build.0 = Release|Any CPU
	EndGlobalSection
	GlobalSection(SolutionProperties) = preSolution
		HideSolutionNode = FALSE
	EndGlobalSection
	GlobalSection(ExtensibilityGlobals) = postSolution
		SolutionGuid = {E5D193AD-F584-4D55-9274-C03D62B44FB6}
	EndGlobalSection
EndGlobal
